
Microsoft Visual Studio Solution File, Format Version 12.00
# Visual Studio Version 17
VisualStudioVersion = 17.6.33723.286
MinimumVisualStudioVersion = 10.0.40219.1
Project("{FAE04EC0-301F-11D3-BF4B-00C04F79EFBC}") = "ChatbotApp", "ChatbotApp\ChatbotApp.csproj", "{C40F8E64-76F0-40B3-B299-22A17C69226C}"
EndProject
Global
	GlobalSection(SolutionConfigurationPlatforms) = preSolution
		Debug|Any CPU = Debug|Any CPU
		Release|Any CPU = Release|Any CPU
	EndGlobalSection
	GlobalSection(ProjectConfigurationPlatforms) = postSolution
		{C40F8E64-76F0-40B3-B299-22A17C69226C}.Debug|Any CPU.ActiveCfg = Debug|Any CPU
		{C40F8E64-76F0-40B3-B299-22A17C69226C}.Debug|Any CPU.Build.0 = Debug|Any CPU
		{C40F8E64-76F0-40B3-B299-22A17C69226C}.Release|Any CPU.ActiveCfg = Release|Any CPU
		{C40F8E64-76F0-40B3-B299-22A17C69226C}.Release|Any CPU.Build.0 = Release|Any CPU
	EndGlobalSection
	GlobalSection(SolutionProperties) = preSolution
		HideSolutionNode = FALSE
	EndGlobalSection
	GlobalSection(ExtensibilityGlobals) = postSolution
		SolutionGuid = {98E92739-8EEA-40F0-9B5C-78F80B886CDA}
	EndGlobalSection
EndGlobal
